
Microsoft Visual Studio Solution File, Format Version 12.00
# Visual Studio Version 16
VisualStudioVersion = 16.0.33328.57
MinimumVisualStudioVersion = 10.0.40219.1
Project("{FAE04EC0-301F-11D3-BF4B-00C04F79EFBC}") = "PhatSinhBaiGiang", "PhatSinhBaiGiang\PhatSinhBaiGiang.csproj", "{35B5EAD7-AEC9-4068-9D30-8AF5EC6AA6F9}"
EndProject
Global
	GlobalSection(SolutionConfigurationPlatforms) = preSolution
		Debug|Any CPU = Debug|Any CPU
		Release|Any CPU = Release|Any CPU
	EndGlobalSection
	GlobalSection(ProjectConfigurationPlatforms) = postSolution
		{35B5EAD7-AEC9-4068-9D30-8AF5EC6AA6F9}.Debug|Any CPU.ActiveCfg = Debug|Any CPU
		{35B5EAD7-AEC9-4068-9D30-8AF5EC6AA6F9}.Debug|Any CPU.Build.0 = Debug|Any CPU
		{35B5EAD7-AEC9-4068-9D30-8AF5EC6AA6F9}.Release|Any CPU.ActiveCfg = Release|Any CPU
		{35B5EAD7-AEC9-4068-9D30-8AF5EC6AA6F9}.Release|Any CPU.Build.0 = Release|Any CPU
	EndGlobalSection
	GlobalSection(SolutionProperties) = preSolution
		HideSolutionNode = FALSE
	EndGlobalSection
	GlobalSection(ExtensibilityGlobals) = postSolution
		SolutionGuid = {01C22FA7-B088-4463-89B2-F5F6125E4DFC}
	EndGlobalSection
EndGlobal
